<?xml version="1.0" encoding="UTF-8"?>
<Scheme
   version = "1.3">
   <BuildAction>
      <BuildActionEntries>
         <BuildActionEntry
            buildForRunning = "YES">
            <BuildableReference
               BuildableIdentifier = "primary"
               BlueprintIdentifier = "82D53D301A3618CD00E46F8F"
               BuildableName = "libSalesforceSDKCommon.a"
               BlueprintName = "SalesforceSDKCommon"
               ReferencedContainer = "container:../SalesforceSDKCommon/SalesforceSDKCommon.xcodeproj">
            </BuildableReference>
         </BuildActionEntry>
         <BuildActionEntry
            buildForRunning = "YES">
            <BuildableReference
               BuildableIdentifier = "primary"
               BlueprintIdentifier = "820AB72318E230EC00E25E1D"
               BuildableName = "libSalesforceSecurity.a"
               BlueprintName = "SalesforceSecurity"
               ReferencedContainer = "container:SalesforceSecurity.xcodeproj">
            </BuildableReference>
         </BuildActionEntry>
      </BuildActionEntries>
   </BuildAction>
   <LaunchAction
      useCustomWorkingDirectory = "NO"
      buildConfiguration = "Debug">
      <BuildableProductRunnable>
         <BuildableReference
            BuildableIdentifier = "primary"
            BlueprintIdentifier = "10876B2218AB10FA0020DB5C"
            BuildableName = "Analytics.app"
            BlueprintName = "Insights"
            ReferencedContainer = "container:../../../Insights/src/Insights.xcodeproj">
         </BuildableReference>
      </BuildableProductRunnable>
   </LaunchAction>
</Scheme>
