<?xml version="1.0" encoding="UTF-8"?>
<Scheme
   version = "1.3">
   <BuildAction>
      <BuildActionEntries>
         <BuildActionEntry
            buildForRunning = "YES">
            <BuildableReference
               BuildableIdentifier = "primary"
               BlueprintIdentifier = "CF7F346113B52B4E001AB761"
               BuildableName = "SalesforceOAuthTest.app"
               BlueprintName = "SalesforceOAuthTest"
               ReferencedContainer = "container:SalesforceOAuth.xcodeproj">
            </BuildableReference>
         </BuildActionEntry>
      </BuildActionEntries>
   </BuildAction>
   <LaunchAction
      useCustomWorkingDirectory = "NO"
      buildConfiguration = "Debug">
      <BuildableProductRunnable>
         <BuildableReference
            BuildableIdentifier = "primary"
            BlueprintIdentifier = "CF7F346113B52B4E001AB761"
            BuildableName = "SalesforceOAuthTest.app"
            BlueprintName = "SalesforceOAuthTest"
            ReferencedContainer = "container:SalesforceOAuth.xcodeproj">
         </BuildableReference>
      </BuildableProductRunnable>
   </LaunchAction>
</Scheme>
